
Microsoft Visual Studio Solution File, Format Version 12.00
# Visual Studio Version 16
VisualStudioVersion = 16.0.30523.141
MinimumVisualStudioVersion = 10.0.40219.1
Project("{FAE04EC0-301F-11D3-BF4B-00C04F79EFBC}") = "TruePatch", "TruePatch\TruePatch.csproj", "{4797E144-9AE7-4439-8370-E834476380E2}"
EndProject
Global
	GlobalSection(SolutionConfigurationPlatforms) = preSolution
		Debug|Any CPU = Debug|Any CPU
		Release|Any CPU = Release|Any CPU
	EndGlobalSection
	GlobalSection(ProjectConfigurationPlatforms) = postSolution
		{4797E144-9AE7-4439-8370-E834476380E2}.Debug|Any CPU.ActiveCfg = Debug|Any CPU
		{4797E144-9AE7-4439-8370-E834476380E2}.Debug|Any CPU.Build.0 = Debug|Any CPU
		{4797E144-9AE7-4439-8370-E834476380E2}.Release|Any CPU.ActiveCfg = Release|Any CPU
		{4797E144-9AE7-4439-8370-E834476380E2}.Release|Any CPU.Build.0 = Release|Any CPU
	EndGlobalSection
	GlobalSection(SolutionProperties) = preSolution
		HideSolutionNode = FALSE
	EndGlobalSection
	GlobalSection(ExtensibilityGlobals) = postSolution
		SolutionGuid = {12D1F66E-338D-42A7-8A24-4504D7F9113F}
	EndGlobalSection
EndGlobal
